Microsoft Visual Studio Solution File, Format Version 12.00
# Visual Studio Version 17
VisualStudioVersion = 17.5.2.0
MinimumVisualStudioVersion = 10.0.40219.1
Project("{2150E333-8FDC-42A3-9474-1A3956D46DE8}") = "dotnet_playing", "dotnet_playing", "{B58E5B60-94AD-35B0-93F2-2CC01A5B4DAB}"
EndProject
Project("{FAE04EC0-301F-11D3-BF4B-00C04F79EFBC}") = "BlazorApp1", "dotnet_playing\BlazorApp1\BlazorApp1.csproj", "{74F64D1F-7A69-F91F-E6A0-CE9529BCC069}"
EndProject
Global
	GlobalSection(SolutionConfigurationPlatforms) = preSolution
		Debug|Any CPU = Debug|Any CPU
		Release|Any CPU = Release|Any CPU
	EndGlobalSection
	GlobalSection(ProjectConfigurationPlatforms) = postSolution
		{74F64D1F-7A69-F91F-E6A0-CE9529BCC069}.Debug|Any CPU.ActiveCfg = Debug|Any CPU
		{74F64D1F-7A69-F91F-E6A0-CE9529BCC069}.Debug|Any CPU.Build.0 = Debug|Any CPU
		{74F64D1F-7A69-F91F-E6A0-CE9529BCC069}.Release|Any CPU.ActiveCfg = Release|Any CPU
		{74F64D1F-7A69-F91F-E6A0-CE9529BCC069}.Release|Any CPU.Build.0 = Release|Any CPU
	EndGlobalSection
	GlobalSection(SolutionProperties) = preSolution
		HideSolutionNode = FALSE
	EndGlobalSection
	GlobalSection(NestedProjects) = preSolution
		{74F64D1F-7A69-F91F-E6A0-CE9529BCC069} = {B58E5B60-94AD-35B0-93F2-2CC01A5B4DAB}
	EndGlobalSection
	GlobalSection(ExtensibilityGlobals) = postSolution
		SolutionGuid = {E9397CCF-2224-4775-B97E-2ED21278A76F}
	EndGlobalSection
EndGlobal
